<?xml version="1.0" encoding="utf-8"?>
<Project ToolsVersion="4.0" xmlns="http://schemas.microsoft.com/developer/msbuild/2003">
  <ItemGroup>
    <Filter Include="include/kithare">
      <UniqueIdentifier>{bf09769b-25c4-4745-b3c2-5ac2305d2b57}</UniqueIdentifier>
    </Filter>
    <Filter Include="src">
      <UniqueIdentifier>{e5627a32-dce4-468c-9878-44417de8e64e}</UniqueIdentifier>
    </Filter>
    <Filter Include="Resource Files">
      <UniqueIdentifier>{26183c5e-66ce-477f-ae3e-e96815fe9ebd}</UniqueIdentifier>
    </Filter>
    <Filter Include="src\parser">
      <UniqueIdentifier>{7a3ba78c-1364-4dcb-a772-12966d2406ac}</UniqueIdentifier>
    </Filter>
    <Filter Include="src\builder">
      <UniqueIdentifier>{eceb88cd-30c4-4a39-80b3-3231aeb72ba5}</UniqueIdentifier>
    </Filter>
  </ItemGroup>
  <ItemGroup>
    <Image Include="..\assets\icon.ico">
      <Filter>Resource Files</Filter>
    </Image>
  </ItemGroup>
  <ItemGroup>
    <ResourceCompile Include="..\assets\Kithare.rc">
      <Filter>Resource Files</Filter>
    </ResourceCompile>
  </ItemGroup>
  <ItemGroup>
    <ClInclude Include="..\include\kithare\ast.hpp">
      <Filter>include/kithare</Filter>
    </ClInclude>
    <ClInclude Include="..\include\kithare\builder.hpp">
      <Filter>include/kithare</Filter>
    </ClInclude>
    <ClInclude Include="..\include\kithare\info.hpp">
      <Filter>include/kithare</Filter>
    </ClInclude>
    <ClInclude Include="..\include\kithare\ir.hpp">
      <Filter>include/kithare</Filter>
    </ClInclude>
    <ClInclude Include="..\include\kithare\parser.hpp">
      <Filter>include/kithare</Filter>
    </ClInclude>
    <ClInclude Include="..\include\kithare\string.hpp">
      <Filter>include/kithare</Filter>
    </ClInclude>
    <ClInclude Include="..\include\kithare\token.hpp">
      <Filter>include/kithare</Filter>
    </ClInclude>
    <ClInclude Include="..\include\kithare\exception.hpp">
      <Filter>include/kithare</Filter>
    </ClInclude>
    <ClInclude Include="..\include\kithare\utf8.hpp">
      <Filter>include/kithare</Filter>
    </ClInclude>
  </ItemGroup>
  <ItemGroup>
    <ClCompile Include="..\src\ci.cpp">
      <Filter>src</Filter>
    </ClCompile>
    <ClCompile Include="..\src\string.cpp">
      <Filter>src</Filter>
    </ClCompile>
    <ClCompile Include="..\src\parser\ast.cpp">
      <Filter>src\parser</Filter>
    </ClCompile>
    <ClCompile Include="..\src\parser\ast_repr.cpp">
      <Filter>src\parser</Filter>
    </ClCompile>
    <ClCompile Include="..\src\parser\body_parser.cpp">
      <Filter>src\parser</Filter>
    </ClCompile>
    <ClCompile Include="..\src\parser\expr_parser.cpp">
      <Filter>src\parser</Filter>
    </ClCompile>
    <ClCompile Include="..\src\parser\lexer.cpp">
      <Filter>src\parser</Filter>
    </ClCompile>
    <ClCompile Include="..\src\parser\parser.cpp">
      <Filter>src\parser</Filter>
    </ClCompile>
    <ClCompile Include="..\src\parser\token_repr.cpp">
      <Filter>src\parser</Filter>
    </ClCompile>
    <ClCompile Include="..\src\builder\builder.cpp">
      <Filter>src\builder</Filter>
    </ClCompile>
    <ClCompile Include="..\src\builder\ctranspiler.cpp">
      <Filter>src\builder</Filter>
    </ClCompile>
    <ClCompile Include="..\src\builder\ir.cpp">
      <Filter>src\builder</Filter>
    </ClCompile>
    <ClCompile Include="..\src\builder\ir_repr.cpp">
      <Filter>src\builder</Filter>
    </ClCompile>
    <ClCompile Include="..\src\builder\semanticizer.cpp">
      <Filter>src\builder</Filter>
    </ClCompile>
    <ClCompile Include="..\src\utf8.cpp">
      <Filter>src</Filter>
    </ClCompile>
  </ItemGroup>
</Project>