<?xml version="1.0" encoding="utf-8"?>
<Project ToolsVersion="4.0" xmlns="http://schemas.microsoft.com/developer/msbuild/2003">
  <ItemGroup>
    <Filter Include="..\src">
      <UniqueIdentifier>{eac6ae51-6f42-4235-a72c-d65683ff3e33}</UniqueIdentifier>
    </Filter>
    <Filter Include="..\include">
      <UniqueIdentifier>{1817cdb6-73cf-4680-bc51-30ee43dbbb50}</UniqueIdentifier>
    </Filter>
    <Filter Include="..\resource">
      <UniqueIdentifier>{9bc1a77b-4eb9-4aac-bd3b-153b0c60388c}</UniqueIdentifier>
    </Filter>
    <Filter Include="..\src\utility">
      <UniqueIdentifier>{72c594a7-aa4b-4ca8-aa08-93e21bb2071a}</UniqueIdentifier>
    </Filter>
    <Filter Include="..\include\utility">
      <UniqueIdentifier>{1f3ce518-454f-4808-9de9-b964f8a41002}</UniqueIdentifier>
    </Filter>
    <Filter Include="..\src\parser">
      <UniqueIdentifier>{7b8897e6-a6fc-48a8-8292-147bce62c29d}</UniqueIdentifier>
    </Filter>
    <Filter Include="..\include\parser">
      <UniqueIdentifier>{560abdae-2693-4608-b519-a06ed7996b2a}</UniqueIdentifier>
    </Filter>
  </ItemGroup>
  <ItemGroup>
    <ClCompile Include="..\src\main.cpp">
      <Filter>..\src</Filter>
    </ClCompile>
    <ClCompile Include="src\utility\string.cpp">
      <Filter>..\src\utility</Filter>
    </ClCompile>
    <ClCompile Include="src\parser\ast.cpp">
      <Filter>..\src\parser</Filter>
    </ClCompile>
    <ClCompile Include="src\parser\lexer.cpp">
      <Filter>..\src\parser</Filter>
    </ClCompile>
    <ClCompile Include="src\parser\parser.cpp">
      <Filter>..\src\parser</Filter>
    </ClCompile>
    <ClCompile Include="src\parser\token.cpp">
      <Filter>..\src\parser</Filter>
    </ClCompile>
    <ClCompile Include="src\utility\cmd.cpp">
      <Filter>..\src\utility</Filter>
    </ClCompile>
    <ClCompile Include="src\utility\file.cpp">
      <Filter>..\src\utility</Filter>
    </ClCompile>
  </ItemGroup>
  <ItemGroup>
    <ClInclude Include="..\include\utility\string.hpp">
      <Filter>..\include\utility</Filter>
    </ClInclude>
    <ClInclude Include="..\include\parser\ast.hpp">
      <Filter>..\include\parser</Filter>
    </ClInclude>
    <ClInclude Include="..\include\parser\lexer.hpp">
      <Filter>..\include\parser</Filter>
    </ClInclude>
    <ClInclude Include="..\include\parser\parser.hpp">
      <Filter>..\include\parser</Filter>
    </ClInclude>
    <ClInclude Include="..\include\parser\token.hpp">
      <Filter>..\include\parser</Filter>
    </ClInclude>
    <ClInclude Include="..\include\utility\cmd.hpp">
      <Filter>..\include\utility</Filter>
    </ClInclude>
    <ClInclude Include="..\include\utility\file.hpp">
      <Filter>..\include\utility</Filter>
    </ClInclude>
    <ClInclude Include="..\include\info.hpp">
      <Filter>..\include</Filter>
    </ClInclude>
  </ItemGroup>
  <ItemGroup>
    <Image Include="..\assets\icon.ico">
      <Filter>..\resource</Filter>
    </Image>
  </ItemGroup>
  <ItemGroup>
    <ResourceCompile Include="..\assets\Kithare.rc">
      <Filter>..\resource</Filter>
    </ResourceCompile>
  </ItemGroup>
</Project>
