<?xml version="1.0" encoding="utf-8"?>
<Project ToolsVersion="4.0" xmlns="http://schemas.microsoft.com/developer/msbuild/2003">
  <ItemGroup>
    <Filter Include="include">
      <UniqueIdentifier>{5018947d-3fdf-4a64-91bd-c597f7d0929c}</UniqueIdentifier>
    </Filter>
    <Filter Include="src">
      <UniqueIdentifier>{5d9fa5a3-e04a-49b2-b93c-4de0fdb9a59d}</UniqueIdentifier>
    </Filter>
    <Filter Include="src\tests">
      <UniqueIdentifier>{fa246725-5e31-4d98-8cbc-f3c66343984f}</UniqueIdentifier>
    </Filter>
    <Filter Include="src\utility">
      <UniqueIdentifier>{2b050d77-cda2-4b69-b0cf-547d892d1571}</UniqueIdentifier>
    </Filter>
    <Filter Include="src\parser">
      <UniqueIdentifier>{6ed4583f-c5ed-4eb5-97e5-af9c3f4a003e}</UniqueIdentifier>
    </Filter>
  </ItemGroup>
  <ItemGroup>
    <ClCompile Include="..\src\parser\ast.cpp">
      <Filter>src\parser</Filter>
    </ClCompile>
    <ClCompile Include="..\src\utility\cmd.cpp">
      <Filter>src\utility</Filter>
    </ClCompile>
    <ClCompile Include="..\test\test_lexer.cpp">
      <Filter>src\tests</Filter>
    </ClCompile>
    <ClCompile Include="..\test\test_main.cpp">
      <Filter>src\tests</Filter>
    </ClCompile>
    <ClCompile Include="..\test\test_string.cpp">
      <Filter>src\tests</Filter>
    </ClCompile>
    <ClCompile Include="..\src\parser\token.cpp">
      <Filter>src\parser</Filter>
    </ClCompile>
    <ClCompile Include="..\src\utility\string.cpp">
      <Filter>src\utility</Filter>
    </ClCompile>
    <ClCompile Include="..\src\parser\lexer.cpp">
      <Filter>src\parser</Filter>
    </ClCompile>
    <ClCompile Include="..\src\parser\parser.cpp">
      <Filter>src\parser</Filter>
    </ClCompile>
    <ClCompile Include="..\src\utility\file.cpp">
      <Filter>src\utility</Filter>
    </ClCompile>
    <ClCompile Include="..\test\test_parser.cpp">
      <Filter>src\tests</Filter>
    </ClCompile>
  </ItemGroup>
  <ItemGroup>
    <ClInclude Include="..\include\test.hpp">
      <Filter>include</Filter>
    </ClInclude>
  </ItemGroup>
</Project>